
Microsoft Visual Studio Solution File, Format Version 12.00
# Visual Studio Version 16
VisualStudioVersion = 16.0.29920.165
MinimumVisualStudioVersion = 10.0.40219.1
Project("{FAE04EC0-301F-11D3-BF4B-00C04F79EFBC}") = "Store.Model", "Store.Model\Store.Model.csproj", "{AD0CC2B1-6553-4F7B-A3AC-BCB527F74326}"
EndProject
Project("{FAE04EC0-301F-11D3-BF4B-00C04F79EFBC}") = "Store.Data", "Store.Data\Store.Data.csproj", "{CA90DF0B-447A-4651-A201-4434B818AEE3}"
EndProject
Global
	GlobalSection(SolutionConfigurationPlatforms) = preSolution
		Debug|Any CPU = Debug|Any CPU
		Release|Any CPU = Release|Any CPU
	EndGlobalSection
	GlobalSection(ProjectConfigurationPlatforms) = postSolution
		{AD0CC2B1-6553-4F7B-A3AC-BCB527F74326}.Debug|Any CPU.ActiveCfg = Debug|Any CPU
		{AD0CC2B1-6553-4F7B-A3AC-BCB527F74326}.Debug|Any CPU.Build.0 = Debug|Any CPU
		{AD0CC2B1-6553-4F7B-A3AC-BCB527F74326}.Release|Any CPU.ActiveCfg = Release|Any CPU
		{AD0CC2B1-6553-4F7B-A3AC-BCB527F74326}.Release|Any CPU.Build.0 = Release|Any CPU
		{CA90DF0B-447A-4651-A201-4434B818AEE3}.Debug|Any CPU.ActiveCfg = Debug|Any CPU
		{CA90DF0B-447A-4651-A201-4434B818AEE3}.Debug|Any CPU.Build.0 = Debug|Any CPU
		{CA90DF0B-447A-4651-A201-4434B818AEE3}.Release|Any CPU.ActiveCfg = Release|Any CPU
		{CA90DF0B-447A-4651-A201-4434B818AEE3}.Release|Any CPU.Build.0 = Release|Any CPU
	EndGlobalSection
	GlobalSection(SolutionProperties) = preSolution
		HideSolutionNode = FALSE
	EndGlobalSection
	GlobalSection(ExtensibilityGlobals) = postSolution
		SolutionGuid = {144F1194-F62E-4632-8B33-183D6C45F1B8}
	EndGlobalSection
EndGlobal
